
Microsoft Visual Studio Solution File, Format Version 12.00
# Visual Studio Version 17
VisualStudioVersion = 17.11.35327.3
MinimumVisualStudioVersion = 10.0.40219.1
Project("{FAE04EC0-301F-11D3-BF4B-00C04F79EFBC}") = "WebStore", "WebStore\WebStore.csproj", "{C3ED675C-E395-47EB-B842-66FAAF10C58D}"
EndProject
Global
	GlobalSection(SolutionConfigurationPlatforms) = preSolution
		Debug|Any CPU = Debug|Any CPU
		Release|Any CPU = Release|Any CPU
	EndGlobalSection
	GlobalSection(ProjectConfigurationPlatforms) = postSolution
		{C3ED675C-E395-47EB-B842-66FAAF10C58D}.Debug|Any CPU.ActiveCfg = Debug|Any CPU
		{C3ED675C-E395-47EB-B842-66FAAF10C58D}.Debug|Any CPU.Build.0 = Debug|Any CPU
		{C3ED675C-E395-47EB-B842-66FAAF10C58D}.Release|Any CPU.ActiveCfg = Release|Any CPU
		{C3ED675C-E395-47EB-B842-66FAAF10C58D}.Release|Any CPU.Build.0 = Release|Any CPU
	EndGlobalSection
	GlobalSection(SolutionProperties) = preSolution
		HideSolutionNode = FALSE
	EndGlobalSection
	GlobalSection(ExtensibilityGlobals) = postSolution
		SolutionGuid = {F9565B2A-EF86-48FB-A814-291CEEC13D3D}
	EndGlobalSection
EndGlobal
